# This file was autogenerated by Stack.
# You should not edit this file by hand.
# For more information, please see the documentation at:
#   https://docs.haskellstack.org/en/stable/lock_files

packages:
- completed:
    hackage: nvim-hs-0.2.2@sha256:4855d1b00f0eb1846be8c289e97be2a03ff98be8c3ee1199f52cc8781adae379,7275
    pantry-tree:
      size: 3567
      sha256: a3122625a2e01596806ead3a0d138196ae95f014023d5a1069be029eb12f1f4f
  original:
    hackage: nvim-hs-0.2.2
- completed:
    hackage: nvim-hs-contrib-0.2.0@sha256:9a9c28e712c0d862f69319020bb0abc85606298a8e281f4432d2e17d2aa0e031,1821
    pantry-tree:
      size: 429
      sha256: 2988044645cd0cfbf02d281a6715bf3d5a4b98e7b61e90120da0e234b20687f8
  original:
    hackage: nvim-hs-contrib-0.2.0
- completed:
    hackage: nvim-hs-ghcid-0.2.0@sha256:a21468a8ea5ba4fa73f784133d8990ae1cfc9e4549728013935206ef8f09f917,2310
    pantry-tree:
      size: 323
      sha256: 1386a448f2a4c620c236edfd2a8e7d726fd712dcfe6405fc48b8f8282d5b6d98
  original:
    hackage: nvim-hs-ghcid-0.2.0
snapshots:
- completed:
    size: 530246
    url: https://raw.githubusercontent.com/commercialhaskell/stackage-snapshots/master/nightly/2017/6/23.yaml
    sha256: 99d17d879cfae6a7661308fbbab1684b137dc5b9b0ef7506b6ffebf2f413f6c1
  original: nightly-2017-06-23
